// !$*UTF8*$!
{
	archiveVersion = 1;
	classes = {
	};
	objectVersion = 50;
	objects = {

/* Begin PBXBuildFile section */
		DEDA4777214AB6C000E72A8A /* AppDelegate.swift in Sources */ = {isa = PBXBuildFile; fileRef = DEDA4776214AB6C000E72A8A /* AppDelegate.swift */; };
		DEDA4779214AB6C000E72A8A /* ViewController.swift in Sources */ = {isa = PBXBuildFile; fileRef = DEDA4778214AB6C000E72A8A /* ViewController.swift */; };
		DEDA477C214AB6C000E72A8A /* Main.storyboard in Resources */ = {isa = PBXBuildFile; fileRef = DEDA477A214AB6C000E72A8A /* Main.storyboard */; };
		DEDA477E214AB6C900E72A8A /* Assets.xcassets in Resources */ = {isa = PBXBuildFile; fileRef = DEDA477D214AB6C900E72A8A /* Assets.xcassets */; };
		DEDA4781214AB6C900E72A8A /* LaunchScreen.storyboard in Resources */ = {isa = PBXBuildFile; fileRef = DEDA477F214AB6C900E72A8A /* LaunchScreen.storyboard */; };
		DEDA478C214AB6CA00E72A8A /* homepwnerTests.swift in Sources */ = {isa = PBXBuildFile; fileRef = DEDA478B214AB6CA00E72A8A /* homepwnerTests.swift */; };
		DEDA4797214AB6CA00E72A8A /* homepwnerUITests.swift in Sources */ = {isa = PBXBuildFile; fileRef = DEDA4796214AB6CA00E72A8A /* homepwnerUITests.swift */; };
/* End PBXBuildFile section */

/* Begin PBXContainerItemProxy section */
		DEDA4788214AB6CA00E72A8A /* PBXContainerItemProxy */ = {
			isa = PBXContainerItemProxy;
			containerPortal = DEDA476B214AB6C000E72A8A /* Project object */;
			proxyType = 1;
			remoteGlobalIDString = DEDA4772214AB6C000E72A8A;
			remoteInfo = homepwner;
		};
		DEDA4793214AB6CA00E72A8A /* PBXContainerItemProxy */ = {
			isa = PBXContainerItemProxy;
			containerPortal = DEDA476B214AB6C000E72A8A /* Project object */;
			proxyType = 1;
			remoteGlobalIDString = DEDA4772214AB6C000E72A8A;
			remoteInfo = homepwner;
		};
/* End PBXContainerItemProxy section */

/* Begin PBXFileReference section */
		DEDA4773214AB6C000E72A8A /* homepwner.app */ = {isa = PBXFileReference; explicitFileType = wrapper.application; includeInIndex = 0; path = homepwner.app; sourceTree = BUILT_PRODUCTS_DIR; };
		DEDA4776214AB6C000E72A8A /* AppDelegate.swift */ = {isa = PBXFileReference; lastKnownFileType = sourcecode.swift; path = AppDelegate.swift; sourceTree = "<group>"; };
		DEDA4778214AB6C000E72A8A /* ViewController.swift */ = {isa = PBXFileReference; lastKnownFileType = sourcecode.swift; path = ViewController.swift; sourceTree = "<group>"; };
		DEDA477B214AB6C000E72A8A /* Base */ = {isa = PBXFileReference; lastKnownFileType = file.storyboard; name = Base; path = Base.lproj/Main.storyboard; sourceTree = "<group>"; };
		DEDA477D214AB6C900E72A8A /* Assets.xcassets */ = {isa = PBXFileReference; lastKnownFileType = folder.assetcatalog; path = Assets.xcassets; sourceTree = "<group>"; };
		DEDA4780214AB6C900E72A8A /* Base */ = {isa = PBXFileReference; lastKnownFileType = file.storyboard; name = Base; path = Base.lproj/LaunchScreen.storyboard; sourceTree = "<group>"; };
		DEDA4782214AB6CA00E72A8A /* Info.plist */ = {isa = PBXFileReference; lastKnownFileType = text.plist.xml; path = Info.plist; sourceTree = "<group>"; };
		DEDA4787214AB6CA00E72A8A /* homepwnerTests.xctest */ = {isa = PBXFileReference; explicitFileType = wrapper.cfbundle; includeInIndex = 0; path = homepwnerTests.xctest; sourceTree = BUILT_PRODUCTS_DIR; };
		DEDA478B214AB6CA00E72A8A /* homepwnerTests.swift */ = {isa = PBXFileReference; lastKnownFileType = sourcecode.swift; path = homepwnerTests.swift; sourceTree = "<group>"; };
		DEDA478D214AB6CA00E72A8A /* Info.plist */ = {isa = PBXFileReference; lastKnownFileType = text.plist.xml; path = Info.plist; sourceTree = "<group>"; };
		DEDA4792214AB6CA00E72A8A /* homepwnerUITests.xctest */ = {isa = PBXFileReference; explicitFileType = wrapper.cfbundle; includeInIndex = 0; path = homepwnerUITests.xctest; sourceTree = BUILT_PRODUCTS_DIR; };
		DEDA4796214AB6CA00E72A8A /* homepwnerUITests.swift */ = {isa = PBXFileReference; lastKnownFileType = sourcecode.swift; path = homepwnerUITests.swift; sourceTree = "<group>"; };
		DEDA4798214AB6CA00E72A8A /* Info.plist */ = {isa = PBXFileReference; lastKnownFileType = text.plist.xml; path = Info.plist; sourceTree = "<group>"; };
/* End PBXFileReference section */

/* Begin PBXFrameworksBuildPhase section */
		DEDA4770214AB6C000E72A8A /* Frameworks */ = {
			isa = PBXFrameworksBuildPhase;
			buildActionMask = 2147483647;
			files = (
			);
			runOnlyForDeploymentPostprocessing = 0;
		};
		DEDA4784214AB6CA00E72A8A /* Frameworks */ = {
			isa = PBXFrameworksBuildPhase;
			buildActionMask = 2147483647;
			files = (
			);
			runOnlyForDeploymentPostprocessing = 0;
		};
		DEDA478F214AB6CA00E72A8A /* Frameworks */ = {
			isa = PBXFrameworksBuildPhase;
			buildActionMask = 2147483647;
			files = (
			);
			runOnlyForDeploymentPostprocessing = 0;
		};
/* End PBXFrameworksBuildPhase section */

/* Begin PBXGroup section */
		DEDA476A214AB6C000E72A8A = {
			isa = PBXGroup;
			children = (
				DEDA4775214AB6C000E72A8A /* homepwner */,
				DEDA478A214AB6CA00E72A8A /* homepwnerTests */,
				DEDA4795214AB6CA00E72A8A /* homepwnerUITests */,
				DEDA4774214AB6C000E72A8A /* Products */,
			);
			sourceTree = "<group>";
		};
		DEDA4774214AB6C000E72A8A /* Products */ = {
			isa = PBXGroup;
			children = (
				DEDA4773214AB6C000E72A8A /* homepwner.app */,
				DEDA4787214AB6CA00E72A8A /* homepwnerTests.xctest */,
				DEDA4792214AB6CA00E72A8A /* homepwnerUITests.xctest */,
			);
			name = Products;
			sourceTree = "<group>";
		};
		DEDA4775214AB6C000E72A8A /* homepwner */ = {
			isa = PBXGroup;
			children = (
				DEDA4776214AB6C000E72A8A /* AppDelegate.swift */,
				DEDA4778214AB6C000E72A8A /* ViewController.swift */,
				DEDA477A214AB6C000E72A8A /* Main.storyboard */,
				DEDA477D214AB6C900E72A8A /* Assets.xcassets */,
				DEDA477F214AB6C900E72A8A /* LaunchScreen.storyboard */,
				DEDA4782214AB6CA00E72A8A /* Info.plist */,
			);
			path = homepwner;
			sourceTree = "<group>";
		};
		DEDA478A214AB6CA00E72A8A /* homepwnerTests */ = {
			isa = PBXGroup;
			children = (
				DEDA478B214AB6CA00E72A8A /* homepwnerTests.swift */,
				DEDA478D214AB6CA00E72A8A /* Info.plist */,
			);
			path = homepwnerTests;
			sourceTree = "<group>";
		};
		DEDA4795214AB6CA00E72A8A /* homepwnerUITests */ = {
			isa = PBXGroup;
			children = (
				DEDA4796214AB6CA00E72A8A /* homepwnerUITests.swift */,
				DEDA4798214AB6CA00E72A8A /* Info.plist */,
			);
			path = homepwnerUITests;
			sourceTree = "<group>";
		};
/* End PBXGroup section */

/* Begin PBXNativeTarget section */
		DEDA4772214AB6C000E72A8A /* homepwner */ = {
			isa = PBXNativeTarget;
			buildConfigurationList = DEDA479B214AB6CA00E72A8A /* Build configuration list for PBXNativeTarget "homepwner" */;
			buildPhases = (
				DEDA476F214AB6C000E72A8A /* Sources */,
				DEDA4770214AB6C000E72A8A /* Frameworks */,
				DEDA4771214AB6C000E72A8A /* Resources */,
			);
			buildRules = (
			);
			dependencies = (
			);
			name = homepwner;
			productName = homepwner;
			productReference = DEDA4773214AB6C000E72A8A /* homepwner.app */;
			productType = "com.apple.product-type.application";
		};
		DEDA4786214AB6CA00E72A8A /* homepwnerTests */ = {
			isa = PBXNativeTarget;
			buildConfigurationList = DEDA479E214AB6CA00E72A8A /* Build configuration list for PBXNativeTarget "homepwnerTests" */;
			buildPhases = (
				DEDA4783214AB6CA00E72A8A /* Sources */,
				DEDA4784214AB6CA00E72A8A /* Frameworks */,
				DEDA4785214AB6CA00E72A8A /* Resources */,
			);
			buildRules = (
			);
			dependencies = (
				DEDA4789214AB6CA00E72A8A /* PBXTargetDependency */,
			);
			name = homepwnerTests;
			productName = homepwnerTests;
			productReference = DEDA4787214AB6CA00E72A8A /* homepwnerTests.xctest */;
			productType = "com.apple.product-type.bundle.unit-test";
		};
		DEDA4791214AB6CA00E72A8A /* homepwnerUITests */ = {
			isa = PBXNativeTarget;
			buildConfigurationList = DEDA47A1214AB6CA00E72A8A /* Build configuration list for PBXNativeTarget "homepwnerUITests" */;
			buildPhases = (
				DEDA478E214AB6CA00E72A8A /* Sources */,
				DEDA478F214AB6CA00E72A8A /* Frameworks */,
				DEDA4790214AB6CA00E72A8A /* Resources */,
			);
			buildRules = (
			);
			dependencies = (
				DEDA4794214AB6CA00E72A8A /* PBXTargetDependency */,
			);
			name = homepwnerUITests;
			productName = homepwnerUITests;
			productReference = DEDA4792214AB6CA00E72A8A /* homepwnerUITests.xctest */;
			productType = "com.apple.product-type.bundle.ui-testing";
		};
/* End PBXNativeTarget section */

/* Begin PBXProject section */
		DEDA476B214AB6C000E72A8A /* Project object */ = {
			isa = PBXProject;
			attributes = {
				LastSwiftUpdateCheck = 0940;
				LastUpgradeCheck = 0940;
				ORGANIZATIONNAME = "Blake Cook";
				TargetAttributes = {
					DEDA4772214AB6C000E72A8A = {
						CreatedOnToolsVersion = 9.4.1;
					};
					DEDA4786214AB6CA00E72A8A = {
						CreatedOnToolsVersion = 9.4.1;
						TestTargetID = DEDA4772214AB6C000E72A8A;
					};
					DEDA4791214AB6CA00E72A8A = {
						CreatedOnToolsVersion = 9.4.1;
						TestTargetID = DEDA4772214AB6C000E72A8A;
					};
				};
			};
			buildConfigurationList = DEDA476E214AB6C000E72A8A /* Build configuration list for PBXProject "homepwner" */;
			compatibilityVersion = "Xcode 9.3";
			developmentRegion = en;
			hasScannedForEncodings = 0;
			knownRegions = (
				en,
				Base,
			);
			mainGroup = DEDA476A214AB6C000E72A8A;
			productRefGroup = DEDA4774214AB6C000E72A8A /* Products */;
			projectDirPath = "";
			projectRoot = "";
			targets = (
				DEDA4772214AB6C000E72A8A /* homepwner */,
				DEDA4786214AB6CA00E72A8A /* homepwnerTests */,
				DEDA4791214AB6CA00E72A8A /* homepwnerUITests */,
			);
		};
/* End PBXProject section */

/* Begin PBXResourcesBuildPhase section */
		DEDA4771214AB6C000E72A8A /* Resources */ = {
			isa = PBXResourcesBuildPhase;
			buildActionMask = 2147483647;
			files = (
				DEDA4781214AB6C900E72A8A /* LaunchScreen.storyboard in Resources */,
				DEDA477E214AB6C900E72A8A /* Assets.xcassets in Resources */,
				DEDA477C214AB6C000E72A8A /* Main.storyboard in Resources */,
			);
			runOnlyForDeploymentPostprocessing = 0;
		};
		DEDA4785214AB6CA00E72A8A /* Resources */ = {
			isa = PBXResourcesBuildPhase;
			buildActionMask = 2147483647;
			files = (
			);
			runOnlyForDeploymentPostprocessing = 0;
		};
		DEDA4790214AB6CA00E72A8A /* Resources */ = {
			isa = PBXResourcesBuildPhase;
			buildActionMask = 2147483647;
			files = (
			);
			runOnlyForDeploymentPostprocessing = 0;
		};
/* End PBXResourcesBuildPhase section */

/* Begin PBXSourcesBuildPhase section */
		DEDA476F214AB6C000E72A8A /* Sources */ = {
			isa = PBXSourcesBuildPhase;
			buildActionMask = 2147483647;
			files = (
				DEDA4779214AB6C000E72A8A /* ViewController.swift in Sources */,
				DEDA4777214AB6C000E72A8A /* AppDelegate.swift in Sources */,
			);
			runOnlyForDeploymentPostprocessing = 0;
		};
		DEDA4783214AB6CA00E72A8A /* Sources */ = {
			isa = PBXSourcesBuildPhase;
			buildActionMask = 2147483647;
			files = (
				DEDA478C214AB6CA00E72A8A /* homepwnerTests.swift in Sources */,
			);
			runOnlyForDeploymentPostprocessing = 0;
		};
		DEDA478E214AB6CA00E72A8A /* Sources */ = {
			isa = PBXSourcesBuildPhase;
			buildActionMask = 2147483647;
			files = (
				DEDA4797214AB6CA00E72A8A /* homepwnerUITests.swift in Sources */,
			);
			runOnlyForDeploymentPostprocessing = 0;
		};
/* End PBXSourcesBuildPhase section */

/* Begin PBXTargetDependency section */
		DEDA4789214AB6CA00E72A8A /* PBXTargetDependency */ = {
			isa = PBXTargetDependency;
			target = DEDA4772214AB6C000E72A8A /* homepwner */;
			targetProxy = DEDA4788214AB6CA00E72A8A /* PBXContainerItemProxy */;
		};
		DEDA4794214AB6CA00E72A8A /* PBXTargetDependency */ = {
			isa = PBXTargetDependency;
			target = DEDA4772214AB6C000E72A8A /* homepwner */;
			targetProxy = DEDA4793214AB6CA00E72A8A /* PBXContainerItemProxy */;
		};
/* End PBXTargetDependency section */

/* Begin PBXVariantGroup section */
		DEDA477A214AB6C000E72A8A /* Main.storyboard */ = {
			isa = PBXVariantGroup;
			children = (
				DEDA477B214AB6C000E72A8A /* Base */,
			);
			name = Main.storyboard;
			sourceTree = "<group>";
		};
		DEDA477F214AB6C900E72A8A /* LaunchScreen.storyboard */ = {
			isa = PBXVariantGroup;
			children = (
				DEDA4780214AB6C900E72A8A /* Base */,
			);
			name = LaunchScreen.storyboard;
			sourceTree = "<group>";
		};
/* End PBXVariantGroup section */

/* Begin XCBuildConfiguration section */
		DEDA4799214AB6CA00E72A8A /* Debug */ = {
			isa = XCBuildConfiguration;
			buildSettings = {
				ALWAYS_SEARCH_USER_PATHS = NO;
				CLANG_ANALYZER_NONNULL = YES;
				CLANG_ANALYZER_NUMBER_OBJECT_CONVERSION = YES_AGGRESSIVE;
				CLANG_CXX_LANGUAGE_STANDARD = "gnu++14";
				CLANG_CXX_LIBRARY = "libc++";
				CLANG_ENABLE_MODULES = YES;
				CLANG_ENABLE_OBJC_ARC = YES;
				CLANG_ENABLE_OBJC_WEAK = YES;
				CLANG_WARN_BLOCK_CAPTURE_AUTORELEASING = YES;
				CLANG_WARN_BOOL_CONVERSION = YES;
				CLANG_WARN_COMMA = YES;
				CLANG_WARN_CONSTANT_CONVERSION = YES;
				CLANG_WARN_DEPRECATED_OBJC_IMPLEMENTATIONS = YES;
				CLANG_WARN_DIRECT_OBJC_ISA_USAGE = YES_ERROR;
				CLANG_WARN_DOCUMENTATION_COMMENTS = YES;
				CLANG_WARN_EMPTY_BODY = YES;
				CLANG_WARN_ENUM_CONVERSION = YES;
				CLANG_WARN_INFINITE_RECURSION = YES;
				CLANG_WARN_INT_CONVERSION = YES;
				CLANG_WARN_NON_LITERAL_NULL_CONVERSION = YES;
				CLANG_WARN_OBJC_IMPLICIT_RETAIN_SELF = YES;
				CLANG_WARN_OBJC_LITERAL_CONVERSION = YES;
				CLANG_WARN_OBJC_ROOT_CLASS = YES_ERROR;
				CLANG_WARN_RANGE_LOOP_ANALYSIS = YES;
				CLANG_WARN_STRICT_PROTOTYPES = YES;
				CLANG_WARN_SUSPICIOUS_MOVE = YES;
				CLANG_WARN_UNGUARDED_AVAILABILITY = YES_AGGRESSIVE;
				CLANG_WARN_UNREACHABLE_CODE = YES;
				CLANG_WARN__DUPLICATE_METHOD_MATCH = YES;
				CODE_SIGN_IDENTITY = "iPhone Developer";
				COPY_PHASE_STRIP = NO;
				DEBUG_INFORMATION_FORMAT = dwarf;
				ENABLE_STRICT_OBJC_MSGSEND = YES;
				ENABLE_TESTABILITY = YES;
				GCC_C_LANGUAGE_STANDARD = gnu11;
				GCC_DYNAMIC_NO_PIC = NO;
				GCC_NO_COMMON_BLOCKS = YES;
				GCC_OPTIMIZATION_LEVEL = 0;
				GCC_PREPROCESSOR_DEFINITIONS = (
					"DEBUG=1",
					"$(inherited)",
				);
				GCC_WARN_64_TO_32_BIT_CONVERSION = YES;
				GCC_WARN_ABOUT_RETURN_TYPE = YES_ERROR;
				GCC_WARN_UNDECLARED_SELECTOR = YES;
				GCC_WARN_UNINITIALIZED_AUTOS = YES_AGGRESSIVE;
				GCC_WARN_UNUSED_FUNCTION = YES;
				GCC_WARN_UNUSED_VARIABLE = YES;
				IPHONEOS_DEPLOYMENT_TARGET = 11.4;
				MTL_ENABLE_DEBUG_INFO = YES;
				ONLY_ACTIVE_ARCH = YES;
				SDKROOT = iphoneos;
				SWIFT_ACTIVE_COMPILATION_CONDITIONS = DEBUG;
				SWIFT_OPTIMIZATION_LEVEL = "-Onone";
			};
			name = Debug;
		};
		DEDA479A214AB6CA00E72A8A /* Release */ = {
			isa = XCBuildConfiguration;
			buildSettings = {
				ALWAYS_SEARCH_USER_PATHS = NO;
				CLANG_ANALYZER_NONNULL = YES;
				CLANG_ANALYZER_NUMBER_OBJECT_CONVERSION = YES_AGGRESSIVE;
				CLANG_CXX_LANGUAGE_STANDARD = "gnu++14";
				CLANG_CXX_LIBRARY = "libc++";
				CLANG_ENABLE_MODULES = YES;
				CLANG_ENABLE_OBJC_ARC = YES;
				CLANG_ENABLE_OBJC_WEAK = YES;
				CLANG_WARN_BLOCK_CAPTURE_AUTORELEASING = YES;
				CLANG_WARN_BOOL_CONVERSION = YES;
				CLANG_WARN_COMMA = YES;
				CLANG_WARN_CONSTANT_CONVERSION = YES;
				CLANG_WARN_DEPRECATED_OBJC_IMPLEMENTATIONS = YES;
				CLANG_WARN_DIRECT_OBJC_ISA_USAGE = YES_ERROR;
				CLANG_WARN_DOCUMENTATION_COMMENTS = YES;
				CLANG_WARN_EMPTY_BODY = YES;
				CLANG_WARN_ENUM_CONVERSION = YES;
				CLANG_WARN_INFINITE_RECURSION = YES;
				CLANG_WARN_INT_CONVERSION = YES;
				CLANG_WARN_NON_LITERAL_NULL_CONVERSION = YES;
				CLANG_WARN_OBJC_IMPLICIT_RETAIN_SELF = YES;
				CLANG_WARN_OBJC_LITERAL_CONVERSION = YES;
				CLANG_WARN_OBJC_ROOT_CLASS = YES_ERROR;
				CLANG_WARN_RANGE_LOOP_ANALYSIS = YES;
				CLANG_WARN_STRICT_PROTOTYPES = YES;
				CLANG_WARN_SUSPICIOUS_MOVE = YES;
				CLANG_WARN_UNGUARDED_AVAILABILITY = YES_AGGRESSIVE;
				CLANG_WARN_UNREACHABLE_CODE = YES;
				CLANG_WARN__DUPLICATE_METHOD_MATCH = YES;
				CODE_SIGN_IDENTITY = "iPhone Developer";
				COPY_PHASE_STRIP = NO;
				DEBUG_INFORMATION_FORMAT = "dwarf-with-dsym";
				ENABLE_NS_ASSERTIONS = NO;
				ENABLE_STRICT_OBJC_MSGSEND = YES;
				GCC_C_LANGUAGE_STANDARD = gnu11;
				GCC_NO_COMMON_BLOCKS = YES;
				GCC_WARN_64_TO_32_BIT_CONVERSION = YES;
				GCC_WARN_ABOUT_RETURN_TYPE = YES_ERROR;
				GCC_WARN_UNDECLARED_SELECTOR = YES;
				GCC_WARN_UNINITIALIZED_AUTOS = YES_AGGRESSIVE;
				GCC_WARN_UNUSED_FUNCTION = YES;
				GCC_WARN_UNUSED_VARIABLE = YES;
				IPHONEOS_DEPLOYMENT_TARGET = 11.4;
				MTL_ENABLE_DEBUG_INFO = NO;
				SDKROOT = iphoneos;
				SWIFT_COMPILATION_MODE = wholemodule;
				SWIFT_OPTIMIZATION_LEVEL = "-O";
				VALIDATE_PRODUCT = YES;
			};
			name = Release;
		};
		DEDA479C214AB6CA00E72A8A /* Debug */ = {
			isa = XCBuildConfiguration;
			buildSettings = {
				ASSETCATALOG_COMPILER_APPICON_NAME = AppIcon;
				CODE_SIGN_STYLE = Automatic;
				INFOPLIST_FILE = homepwner/Info.plist;
				LD_RUNPATH_SEARCH_PATHS = (
					"$(inherited)",
					"@executable_path/Frameworks",
				);
				PRODUCT_BUNDLE_IDENTIFIER = Blake.C.homepwner;
				PRODUCT_NAME = "$(TARGET_NAME)";
				SWIFT_VERSION = 4.0;
				TARGETED_DEVICE_FAMILY = "1,2";
			};
			name = Debug;
		};
		DEDA479D214AB6CA00E72A8A /* Release */ = {
			isa = XCBuildConfiguration;
			buildSettings = {
				ASSETCATALOG_COMPILER_APPICON_NAME = AppIcon;
				CODE_SIGN_STYLE = Automatic;
				INFOPLIST_FILE = homepwner/Info.plist;
				LD_RUNPATH_SEARCH_PATHS = (
					"$(inherited)",
					"@executable_path/Frameworks",
				);
				PRODUCT_BUNDLE_IDENTIFIER = Blake.C.homepwner;
				PRODUCT_NAME = "$(TARGET_NAME)";
				SWIFT_VERSION = 4.0;
				TARGETED_DEVICE_FAMILY = "1,2";
			};
			name = Release;
		};
		DEDA479F214AB6CA00E72A8A /* Debug */ = {
			isa = XCBuildConfiguration;
			buildSettings = {
				ALWAYS_EMBED_SWIFT_STANDARD_LIBRARIES = YES;
				BUNDLE_LOADER = "$(TEST_HOST)";
				CODE_SIGN_STYLE = Automatic;
				INFOPLIST_FILE = homepwnerTests/Info.plist;
				LD_RUNPATH_SEARCH_PATHS = (
					"$(inherited)",
					"@executable_path/Frameworks",
					"@loader_path/Frameworks",
				);
				PRODUCT_BUNDLE_IDENTIFIER = Blake.C.homepwnerTests;
				PRODUCT_NAME = "$(TARGET_NAME)";
				SWIFT_VERSION = 4.0;
				TARGETED_DEVICE_FAMILY = "1,2";
				TEST_HOST = "$(BUILT_PRODUCTS_DIR)/homepwner.app/homepwner";
			};
			name = Debug;
		};
		DEDA47A0214AB6CA00E72A8A /* Release */ = {
			isa = XCBuildConfiguration;
			buildSettings = {
				ALWAYS_EMBED_SWIFT_STANDARD_LIBRARIES = YES;
				BUNDLE_LOADER = "$(TEST_HOST)";
				CODE_SIGN_STYLE = Automatic;
				INFOPLIST_FILE = homepwnerTests/Info.plist;
				LD_RUNPATH_SEARCH_PATHS = (
					"$(inherited)",
					"@executable_path/Frameworks",
					"@loader_path/Frameworks",
				);
				PRODUCT_BUNDLE_IDENTIFIER = Blake.C.homepwnerTests;
				PRODUCT_NAME = "$(TARGET_NAME)";
				SWIFT_VERSION = 4.0;
				TARGETED_DEVICE_FAMILY = "1,2";
				TEST_HOST = "$(BUILT_PRODUCTS_DIR)/homepwner.app/homepwner";
			};
			name = Release;
		};
		DEDA47A2214AB6CA00E72A8A /* Debug */ = {
			isa = XCBuildConfiguration;
			buildSettings = {
				ALWAYS_EMBED_SWIFT_STANDARD_LIBRARIES = YES;
				CODE_SIGN_STYLE = Automatic;
				INFOPLIST_FILE = homepwnerUITests/Info.plist;
				LD_RUNPATH_SEARCH_PATHS = (
					"$(inherited)",
					"@executable_path/Frameworks",
					"@loader_path/Frameworks",
				);
				PRODUCT_BUNDLE_IDENTIFIER = Blake.C.homepwnerUITests;
				PRODUCT_NAME = "$(TARGET_NAME)";
				SWIFT_VERSION = 4.0;
				TARGETED_DEVICE_FAMILY = "1,2";
				TEST_TARGET_NAME = homepwner;
			};
			name = Debug;
		};
		DEDA47A3214AB6CA00E72A8A /* Release */ = {
			isa = XCBuildConfiguration;
			buildSettings = {
				ALWAYS_EMBED_SWIFT_STANDARD_LIBRARIES = YES;
				CODE_SIGN_STYLE = Automatic;
				INFOPLIST_FILE = homepwnerUITests/Info.plist;
				LD_RUNPATH_SEARCH_PATHS = (
					"$(inherited)",
					"@executable_path/Frameworks",
					"@loader_path/Frameworks",
				);
				PRODUCT_BUNDLE_IDENTIFIER = Blake.C.homepwnerUITests;
				PRODUCT_NAME = "$(TARGET_NAME)";
				SWIFT_VERSION = 4.0;
				TARGETED_DEVICE_FAMILY = "1,2";
				TEST_TARGET_NAME = homepwner;
			};
			name = Release;
		};
/* End XCBuildConfiguration section */

/* Begin XCConfigurationList section */
		DEDA476E214AB6C000E72A8A /* Build configuration list for PBXProject "homepwner" */ = {
			isa = XCConfigurationList;
			buildConfigurations = (
				DEDA4799214AB6CA00E72A8A /* Debug */,
				DEDA479A214AB6CA00E72A8A /* Release */,
			);
			defaultConfigurationIsVisible = 0;
			defaultConfigurationName = Release;
		};
		DEDA479B214AB6CA00E72A8A /* Build configuration list for PBXNativeTarget "homepwner" */ = {
			isa = XCConfigurationList;
			buildConfigurations = (
				DEDA479C214AB6CA00E72A8A /* Debug */,
				DEDA479D214AB6CA00E72A8A /* Release */,
			);
			defaultConfigurationIsVisible = 0;
			defaultConfigurationName = Release;
		};
		DEDA479E214AB6CA00E72A8A /* Build configuration list for PBXNativeTarget "homepwnerTests" */ = {
			isa = XCConfigurationList;
			buildConfigurations = (
				DEDA479F214AB6CA00E72A8A /* Debug */,
				DEDA47A0214AB6CA00E72A8A /* Release */,
			);
			defaultConfigurationIsVisible = 0;
			defaultConfigurationName = Release;
		};
		DEDA47A1214AB6CA00E72A8A /* Build configuration list for PBXNativeTarget "homepwnerUITests" */ = {
			isa = XCConfigurationList;
			buildConfigurations = (
				DEDA47A2214AB6CA00E72A8A /* Debug */,
				DEDA47A3214AB6CA00E72A8A /* Release */,
			);
			defaultConfigurationIsVisible = 0;
			defaultConfigurationName = Release;
		};
/* End XCConfigurationList section */
	};
	rootObject = DEDA476B214AB6C000E72A8A /* Project object */;
}
